
Microsoft Visual Studio Solution File, Format Version 12.00
# Visual Studio Version 16
VisualStudioVersion = 16.0.31515.178
MinimumVisualStudioVersion = 10.0.40219.1
Project("{FAE04EC0-301F-11D3-BF4B-00C04F79EFBC}") = "DockerDemo", "DockerDemo\DockerDemo.csproj", "{A97D46C0-225D-4582-974D-8385A6107D95}"
EndProject
Global
	GlobalSection(SolutionConfigurationPlatforms) = preSolution
		Debug|Any CPU = Debug|Any CPU
		Release|Any CPU = Release|Any CPU
	EndGlobalSection
	GlobalSection(ProjectConfigurationPlatforms) = postSolution
		{A97D46C0-225D-4582-974D-8385A6107D95}.Debug|Any CPU.ActiveCfg = Debug|Any CPU
		{A97D46C0-225D-4582-974D-8385A6107D95}.Debug|Any CPU.Build.0 = Debug|Any CPU
		{A97D46C0-225D-4582-974D-8385A6107D95}.Release|Any CPU.ActiveCfg = Release|Any CPU
		{A97D46C0-225D-4582-974D-8385A6107D95}.Release|Any CPU.Build.0 = Release|Any CPU
	EndGlobalSection
	GlobalSection(SolutionProperties) = preSolution
		HideSolutionNode = FALSE
	EndGlobalSection
	GlobalSection(ExtensibilityGlobals) = postSolution
		SolutionGuid = {688165BC-4840-4418-85E3-AF7653BE012A}
	EndGlobalSection
EndGlobal
